<Project xmlns="http://schemas.microsoft.com/developer/msbuild/2003">
  <PropertyGroup>
    <ProjectGuid>{A1B2C3D4-1234-4567-890A-BCDEF1234567}</ProjectGuid>
    <ProjectVersion>19.5</ProjectVersion>
    <FrameworkType>VCL</FrameworkType>
    <MainSource>TuckShop.dpr</MainSource>
    <Base>True</Base>
    <Config Condition="'$(Config)'==''">Debug</Config>
    <Platform Condition="'$(Platform)'==''">Win32</Platform>
    <TargetedPlatforms>1</TargetedPlatforms>
    <AppType>Application</AppType>
  </PropertyGroup>
  <PropertyGroup Condition="'$(Config)'=='Base' or '$(Base)'!=''">
    <Base>true</Base>
  </PropertyGroup>
  <PropertyGroup Condition="'$(Config)'=='Debug' and '$(Base)'!=''">
    <DCC_DCCCompiler>DCC32</DCC_DCCCompiler>
    <DCC_DependencyCheckOutputName>TuckShop.exe</DCC_DependencyCheckOutputName>
  </PropertyGroup>
  <PropertyGroup Condition="'$(Config)'=='Release' and '$(Base)'!=''">
    <DCC_DCCCompiler>DCC32</DCC_DCCCompiler>
    <DCC_DependencyCheckOutputName>TuckShop.exe</DCC_DependencyCheckOutputName>
  </PropertyGroup>
  <ItemGroup>
    <DelphiCompile Include="TuckShop.dpr">
      <MainSource>MainSource</MainSource>
    </DelphiCompile>
    <DCCReference Include="MainForm.pas">
      <Form>Form1</Form>
    </DCCReference>
    <BuildConfiguration Include="Debug">
      <Key>Cfg_1</Key>
      <CfgParent>Base</CfgParent>
    </BuildConfiguration>
    <BuildConfiguration Include="Base">
      <Key>Base</Key>
    </BuildConfiguration>
    <BuildConfiguration Include="Release">
      <Key>Cfg_2</Key>
      <CfgParent>Base</CfgParent>
    </BuildConfiguration>
  </ItemGroup>
  <ProjectExtensions>
    <BorlandProject>
      <BorlandProjectType>Application</BorlandProjectType>
    </BorlandProject>
  </ProjectExtensions>
  <Import Project="$(BDS)\Bin\CodeGear.Delphi.Targets" Condition="Exists('$(BDS)\Bin\CodeGear.Delphi.Targets')"/>
</Project>
